
Microsoft Visual Studio Solution File, Format Version 12.00
# Visual Studio Version 16
VisualStudioVersion = 16.0.29609.76
MinimumVisualStudioVersion = 10.0.40219.1
Project("{FAE04EC0-301F-11D3-BF4B-00C04F79EFBC}") = "IndiePal", "IndiePal\IndiePal.csproj", "{971BBD6A-BB1D-4F80-B416-69F0BE84C461}"
EndProject
Global
	GlobalSection(SolutionConfigurationPlatforms) = preSolution
		Debug|Any CPU = Debug|Any CPU
		Release|Any CPU = Release|Any CPU
	EndGlobalSection
	GlobalSection(ProjectConfigurationPlatforms) = postSolution
		{971BBD6A-BB1D-4F80-B416-69F0BE84C461}.Debug|Any CPU.ActiveCfg = Debug|Any CPU
		{971BBD6A-BB1D-4F80-B416-69F0BE84C461}.Debug|Any CPU.Build.0 = Debug|Any CPU
		{971BBD6A-BB1D-4F80-B416-69F0BE84C461}.Release|Any CPU.ActiveCfg = Release|Any CPU
		{971BBD6A-BB1D-4F80-B416-69F0BE84C461}.Release|Any CPU.Build.0 = Release|Any CPU
	EndGlobalSection
	GlobalSection(SolutionProperties) = preSolution
		HideSolutionNode = FALSE
	EndGlobalSection
	GlobalSection(ExtensibilityGlobals) = postSolution
		SolutionGuid = {C1733783-17DF-47D0-8546-706347F1185C}
	EndGlobalSection
EndGlobal
